
Microsoft Visual Studio Solution File, Format Version 12.00
# Visual Studio Version 17
VisualStudioVersion = 17.3.32901.215
MinimumVisualStudioVersion = 10.0.40219.1
Project("{FAE04EC0-301F-11D3-BF4B-00C04F79EFBC}") = "verziokovetes_Z135QR", "verziokovetes_Z135QR\verziokovetes_Z135QR.csproj", "{9E089FDB-6FB7-4CE8-8C35-C53AC9550322}"
EndProject
Project("{2150E333-8FDC-42A3-9474-1A3956D46DE8}") = "UserMaintenance", "UserMaintenance", "{F7BCB8AA-9F49-4166-887B-E975B2F70824}"
EndProject
Global
	GlobalSection(SolutionConfigurationPlatforms) = preSolution
		Debug|Any CPU = Debug|Any CPU
		Release|Any CPU = Release|Any CPU
	EndGlobalSection
	GlobalSection(ProjectConfigurationPlatforms) = postSolution
		{9E089FDB-6FB7-4CE8-8C35-C53AC9550322}.Debug|Any CPU.ActiveCfg = Debug|Any CPU
		{9E089FDB-6FB7-4CE8-8C35-C53AC9550322}.Debug|Any CPU.Build.0 = Debug|Any CPU
		{9E089FDB-6FB7-4CE8-8C35-C53AC9550322}.Release|Any CPU.ActiveCfg = Release|Any CPU
		{9E089FDB-6FB7-4CE8-8C35-C53AC9550322}.Release|Any CPU.Build.0 = Release|Any CPU
	EndGlobalSection
	GlobalSection(SolutionProperties) = preSolution
		HideSolutionNode = FALSE
	EndGlobalSection
	GlobalSection(ExtensibilityGlobals) = postSolution
		SolutionGuid = {2EC6DD96-51B3-484B-964E-6A10EB322A13}
	EndGlobalSection
EndGlobal
