
Microsoft Visual Studio Solution File, Format Version 12.00
# Visual Studio Version 16
VisualStudioVersion = 16.0.31424.327
MinimumVisualStudioVersion = 10.0.40219.1
Project("{FAE04EC0-301F-11D3-BF4B-00C04F79EFBC}") = "Mikroszimulacio_1202", "Mikroszimulacio_1202\Mikroszimulacio_1202.csproj", "{B9030B04-585B-4BE8-85AF-8F02DB0D9A0B}"
EndProject
Global
	GlobalSection(SolutionConfigurationPlatforms) = preSolution
		Debug|Any CPU = Debug|Any CPU
		Release|Any CPU = Release|Any CPU
	EndGlobalSection
	GlobalSection(ProjectConfigurationPlatforms) = postSolution
		{B9030B04-585B-4BE8-85AF-8F02DB0D9A0B}.Debug|Any CPU.ActiveCfg = Debug|Any CPU
		{B9030B04-585B-4BE8-85AF-8F02DB0D9A0B}.Debug|Any CPU.Build.0 = Debug|Any CPU
		{B9030B04-585B-4BE8-85AF-8F02DB0D9A0B}.Release|Any CPU.ActiveCfg = Release|Any CPU
		{B9030B04-585B-4BE8-85AF-8F02DB0D9A0B}.Release|Any CPU.Build.0 = Release|Any CPU
	EndGlobalSection
	GlobalSection(SolutionProperties) = preSolution
		HideSolutionNode = FALSE
	EndGlobalSection
	GlobalSection(ExtensibilityGlobals) = postSolution
		SolutionGuid = {22AF9765-75BE-4E92-BA92-0A916BDF7CBB}
	EndGlobalSection
EndGlobal
