
Microsoft Visual Studio Solution File, Format Version 12.00
# Visual Studio Version 17
VisualStudioVersion = 17.3.32901.215
MinimumVisualStudioVersion = 10.0.40219.1
Project("{FAE04EC0-301F-11D3-BF4B-00C04F79EFBC}") = "04_excel_Z135QR", "04_excel_Z135QR\04_excel_Z135QR.csproj", "{67B3632F-ED79-4033-BB81-872A2A3C82B8}"
EndProject
Global
	GlobalSection(SolutionConfigurationPlatforms) = preSolution
		Debug|Any CPU = Debug|Any CPU
		Release|Any CPU = Release|Any CPU
	EndGlobalSection
	GlobalSection(ProjectConfigurationPlatforms) = postSolution
		{67B3632F-ED79-4033-BB81-872A2A3C82B8}.Debug|Any CPU.ActiveCfg = Debug|Any CPU
		{67B3632F-ED79-4033-BB81-872A2A3C82B8}.Debug|Any CPU.Build.0 = Debug|Any CPU
		{67B3632F-ED79-4033-BB81-872A2A3C82B8}.Release|Any CPU.ActiveCfg = Release|Any CPU
		{67B3632F-ED79-4033-BB81-872A2A3C82B8}.Release|Any CPU.Build.0 = Release|Any CPU
	EndGlobalSection
	GlobalSection(SolutionProperties) = preSolution
		HideSolutionNode = FALSE
	EndGlobalSection
	GlobalSection(ExtensibilityGlobals) = postSolution
		SolutionGuid = {F1E8D71E-1B01-4F7E-939E-ED66BA94CC9B}
	EndGlobalSection
EndGlobal
